
Microsoft Visual Studio Solution File, Format Version 12.00
# Visual Studio 2013
VisualStudioVersion = 12.0.30110.0
MinimumVisualStudioVersion = 10.0.40219.1
Project("{FAE04EC0-301F-11D3-BF4B-00C04F79EFBC}") = "RedisChatApp", "RedisChatApp\RedisChatApp.csproj", "{13D80456-79D0-4788-9F14-3A41B81D301B}"
EndProject
Global
	GlobalSection(SolutionConfigurationPlatforms) = preSolution
		Debug|Any CPU = Debug|Any CPU
		Release|Any CPU = Release|Any CPU
	EndGlobalSection
	GlobalSection(ProjectConfigurationPlatforms) = postSolution
		{13D80456-79D0-4788-9F14-3A41B81D301B}.Debug|Any CPU.ActiveCfg = Debug|Any CPU
		{13D80456-79D0-4788-9F14-3A41B81D301B}.Debug|Any CPU.Build.0 = Debug|Any CPU
		{13D80456-79D0-4788-9F14-3A41B81D301B}.Release|Any CPU.ActiveCfg = Release|Any CPU
		{13D80456-79D0-4788-9F14-3A41B81D301B}.Release|Any CPU.Build.0 = Release|Any CPU
	EndGlobalSection
	GlobalSection(SolutionProperties) = preSolution
		HideSolutionNode = FALSE
	EndGlobalSection
EndGlobal
